
Microsoft Visual Studio Solution File, Format Version 12.00
# Visual Studio Version 17
VisualStudioVersion = 17.9.34723.18
MinimumVisualStudioVersion = 10.0.40219.1
Project("{9A19103F-16F7-4668-BE54-9A1E7A4F7556}") = "AuthenticationService", "Authentication\AuthenticationService.csproj", "{4E3FCA19-4438-46CA-BE21-B1D72EA5BB28}"
EndProject
Project("{9A19103F-16F7-4668-BE54-9A1E7A4F7556}") = "Core", "BuildingBlock\Core\Core.csproj", "{A1E5DDB7-71AE-4D2C-A3A0-80222B646D35}"
EndProject
Project("{2150E333-8FDC-42A3-9474-1A3956D46DE8}") = "UtilityCore", "UtilityCore", "{B1587F4A-7E1D-460D-932C-6E4E58BF0A00}"
EndProject
Project("{9A19103F-16F7-4668-BE54-9A1E7A4F7556}") = "Abstraction", "BuildingBlock\Exceptions.Abstraction\Abstraction.csproj", "{792D18DC-811B-4707-A9B5-F4543A642A77}"
EndProject
Project("{9A19103F-16F7-4668-BE54-9A1E7A4F7556}") = "Infrastructure", "BuildingBlock\Infrastructure\Infrastructure.csproj", "{3C81E88A-ABBA-4A10-BDBC-31BD10B8F2AF}"
EndProject
Project("{9A19103F-16F7-4668-BE54-9A1E7A4F7556}") = "Service.Shared", "Service.Shared\Service.Shared.csproj", "{B6444AFE-2917-45E7-AF6A-A9E4A013A2FA}"
EndProject
Project("{9A19103F-16F7-4668-BE54-9A1E7A4F7556}") = "ContentService", "ContentService\ContentService.csproj", "{C5E662DD-09DE-4695-8418-37F6CEB65B44}"
EndProject
Project("{9A19103F-16F7-4668-BE54-9A1E7A4F7556}") = "UserService", "UserService\UserService.csproj", "{8DD1278F-7C1E-456E-B090-92D30EB8CFE3}"
EndProject
Global
	GlobalSection(SolutionConfigurationPlatforms) = preSolution
		Debug|Any CPU = Debug|Any CPU
		Release|Any CPU = Release|Any CPU
	EndGlobalSection
	GlobalSection(ProjectConfigurationPlatforms) = postSolution
		{4E3FCA19-4438-46CA-BE21-B1D72EA5BB28}.Debug|Any CPU.ActiveCfg = Debug|Any CPU
		{4E3FCA19-4438-46CA-BE21-B1D72EA5BB28}.Debug|Any CPU.Build.0 = Debug|Any CPU
		{4E3FCA19-4438-46CA-BE21-B1D72EA5BB28}.Release|Any CPU.ActiveCfg = Release|Any CPU
		{4E3FCA19-4438-46CA-BE21-B1D72EA5BB28}.Release|Any CPU.Build.0 = Release|Any CPU
		{A1E5DDB7-71AE-4D2C-A3A0-80222B646D35}.Debug|Any CPU.ActiveCfg = Debug|Any CPU
		{A1E5DDB7-71AE-4D2C-A3A0-80222B646D35}.Debug|Any CPU.Build.0 = Debug|Any CPU
		{A1E5DDB7-71AE-4D2C-A3A0-80222B646D35}.Release|Any CPU.ActiveCfg = Release|Any CPU
		{A1E5DDB7-71AE-4D2C-A3A0-80222B646D35}.Release|Any CPU.Build.0 = Release|Any CPU
		{792D18DC-811B-4707-A9B5-F4543A642A77}.Debug|Any CPU.ActiveCfg = Debug|Any CPU
		{792D18DC-811B-4707-A9B5-F4543A642A77}.Debug|Any CPU.Build.0 = Debug|Any CPU
		{792D18DC-811B-4707-A9B5-F4543A642A77}.Release|Any CPU.ActiveCfg = Release|Any CPU
		{792D18DC-811B-4707-A9B5-F4543A642A77}.Release|Any CPU.Build.0 = Release|Any CPU
		{3C81E88A-ABBA-4A10-BDBC-31BD10B8F2AF}.Debug|Any CPU.ActiveCfg = Debug|Any CPU
		{3C81E88A-ABBA-4A10-BDBC-31BD10B8F2AF}.Debug|Any CPU.Build.0 = Debug|Any CPU
		{3C81E88A-ABBA-4A10-BDBC-31BD10B8F2AF}.Release|Any CPU.ActiveCfg = Release|Any CPU
		{3C81E88A-ABBA-4A10-BDBC-31BD10B8F2AF}.Release|Any CPU.Build.0 = Release|Any CPU
		{B6444AFE-2917-45E7-AF6A-A9E4A013A2FA}.Debug|Any CPU.ActiveCfg = Debug|Any CPU
		{B6444AFE-2917-45E7-AF6A-A9E4A013A2FA}.Debug|Any CPU.Build.0 = Debug|Any CPU
		{B6444AFE-2917-45E7-AF6A-A9E4A013A2FA}.Release|Any CPU.ActiveCfg = Release|Any CPU
		{B6444AFE-2917-45E7-AF6A-A9E4A013A2FA}.Release|Any CPU.Build.0 = Release|Any CPU
		{C5E662DD-09DE-4695-8418-37F6CEB65B44}.Debug|Any CPU.ActiveCfg = Debug|Any CPU
		{C5E662DD-09DE-4695-8418-37F6CEB65B44}.Debug|Any CPU.Build.0 = Debug|Any CPU
		{C5E662DD-09DE-4695-8418-37F6CEB65B44}.Release|Any CPU.ActiveCfg = Release|Any CPU
		{C5E662DD-09DE-4695-8418-37F6CEB65B44}.Release|Any CPU.Build.0 = Release|Any CPU
		{8DD1278F-7C1E-456E-B090-92D30EB8CFE3}.Debug|Any CPU.ActiveCfg = Debug|Any CPU
		{8DD1278F-7C1E-456E-B090-92D30EB8CFE3}.Debug|Any CPU.Build.0 = Debug|Any CPU
		{8DD1278F-7C1E-456E-B090-92D30EB8CFE3}.Release|Any CPU.ActiveCfg = Release|Any CPU
		{8DD1278F-7C1E-456E-B090-92D30EB8CFE3}.Release|Any CPU.Build.0 = Release|Any CPU
	EndGlobalSection
	GlobalSection(SolutionProperties) = preSolution
		HideSolutionNode = FALSE
	EndGlobalSection
	GlobalSection(NestedProjects) = preSolution
		{A1E5DDB7-71AE-4D2C-A3A0-80222B646D35} = {B1587F4A-7E1D-460D-932C-6E4E58BF0A00}
		{792D18DC-811B-4707-A9B5-F4543A642A77} = {B1587F4A-7E1D-460D-932C-6E4E58BF0A00}
		{3C81E88A-ABBA-4A10-BDBC-31BD10B8F2AF} = {B1587F4A-7E1D-460D-932C-6E4E58BF0A00}
	EndGlobalSection
	GlobalSection(ExtensibilityGlobals) = postSolution
		SolutionGuid = {61219BDD-4EC3-49B3-BE94-CE7DC829E523}
	EndGlobalSection
EndGlobal
